Microsoft Visual Studio Solution File, Format Version 11.00
# Visual Studio 2008

Project("{53DB7A63-2666-94A6-51F4-976BAB682846}") = "TutorialProject", "Assembly-CSharp.csproj", "{BB869D81-80A4-8599-B926-60414C0E088D}"
EndProject
Project("{53DB7A63-2666-94A6-51F4-976BAB682846}") = "TutorialProject", "Assembly-UnityScript.unityproj", "{B745EDB8-5073-78AC-D043-9B2CE37A7111}"
EndProject
Global
	GlobalSection(SolutionConfigurationPlatforms) = preSolution
		Debug|Any CPU = Debug|Any CPU
		Release|Any CPU = Release|Any CPU
	EndGlobalSection
	GlobalSection(ProjectConfigurationPlatforms) = postSolution
		{BB869D81-80A4-8599-B926-60414C0E088D}.Debug|Any CPU.ActiveCfg = Debug|Any CPU
		{BB869D81-80A4-8599-B926-60414C0E088D}.Debug|Any CPU.Build.0 = Debug|Any CPU
		{BB869D81-80A4-8599-B926-60414C0E088D}.Release|Any CPU.ActiveCfg = Release|Any CPU
		{BB869D81-80A4-8599-B926-60414C0E088D}.Release|Any CPU.Build.0 = Release|Any CPU
		{B745EDB8-5073-78AC-D043-9B2CE37A7111}.Debug|Any CPU.ActiveCfg = Debug|Any CPU
		{B745EDB8-5073-78AC-D043-9B2CE37A7111}.Debug|Any CPU.Build.0 = Debug|Any CPU
		{B745EDB8-5073-78AC-D043-9B2CE37A7111}.Release|Any CPU.ActiveCfg = Release|Any CPU
		{B745EDB8-5073-78AC-D043-9B2CE37A7111}.Release|Any CPU.Build.0 = Release|Any CPU
	EndGlobalSection
	GlobalSection(SolutionProperties) = preSolution
		HideSolutionNode = FALSE
	EndGlobalSection
																			GlobalSection(MonoDevelopProperties) = preSolution
		StartupItem = Assembly-CSharp.csproj
		Policies = $0
		$0.TextStylePolicy = $1
		$1.inheritsSet = null
		$1.scope = text/x-csharp
		$0.CSharpFormattingPolicy = $2
		$2.inheritsSet = Mono
		$2.inheritsScope = text/x-csharp
		$2.scope = text/x-csharp
		$0.TextStylePolicy = $3
		$3.FileWidth = 120
		$3.TabWidth = 4
		$3.IndentWidth = 4
		$3.EolMarker = Unix
		$3.inheritsSet = Mono
		$3.inheritsScope = text/plain
		$3.scope = text/plain
	EndGlobalSection

EndGlobal
